{
  "name": "amenov.express.only",
  "version": "1.1.2",
  "lockfileVersion": 1,
  "requires": true,
  "dependencies": {
    "amenov.only": {
      "version": "1.0.2",
      "resolved": "https://registry.npmjs.org/amenov.only/-/amenov.only-1.0.2.tgz",
      "integrity": "sha512-viEn/yFL4Z0ShvdlMlZ7OXX0ifHKsTmpJ+wDNAY6DY27VFIhEiVcm7pOAsrw+4ly5GWq45r3bQWDpIE4N4ePkg==",
      "requires": {
        "flat": "^5.0.2"
      }
    },
    "flat": {
      "version": "5.0.2",
      "resolved": "https://registry.npmjs.org/flat/-/flat-5.0.2.tgz",
      "integrity": "sha512-b6suED+5/3rTpUBdG1gupIl8MPFCAMA0QXwmljLhvCUKcUvdE4gWky9zpuGCcXHOsz4J9wPGNWq6OKpmIzz3hQ=="
    }
  }
}
