{
  "name": "amenov.express.only",
  "version": "1.1.1",
  "lockfileVersion": 1,
  "requires": true,
  "dependencies": {
    "amenov.only": {
      "version": "1.0.1",
      "resolved": "https://registry.npmjs.org/amenov.only/-/amenov.only-1.0.1.tgz",
      "integrity": "sha512-9yR8lKoJ9fiMxfzA82H8GKMtLagoelDLlFf16d5aWUGQtxSfJSeipuGvLYHWYR2mse1h6nZg9bzQTzUi95S4rQ==",
      "requires": {
        "flat": "^5.0.2"
      }
    },
    "flat": {
      "version": "5.0.2",
      "resolved": "https://registry.npmjs.org/flat/-/flat-5.0.2.tgz",
      "integrity": "sha512-b6suED+5/3rTpUBdG1gupIl8MPFCAMA0QXwmljLhvCUKcUvdE4gWky9zpuGCcXHOsz4J9wPGNWq6OKpmIzz3hQ=="
    }
  }
}
